// !$*UTF8*$!
{
	archiveVersion = 1;
	classes = {
	};
	objectVersion = 50;
	objects = {

/* Begin PBXBuildFile section */
		B948DF152432579E00C87B64 /* AppDelegate.swift in Sources */ = {isa = PBXBuildFile; fileRef = B948DF142432579E00C87B64 /* AppDelegate.swift */; };
		B948DF172432579E00C87B64 /* SceneDelegate.swift in Sources */ = {isa = PBXBuildFile; fileRef = B948DF162432579E00C87B64 /* SceneDelegate.swift */; };
		B948DF192432579E00C87B64 /* CarListingController.swift in Sources */ = {isa = PBXBuildFile; fileRef = B948DF182432579E00C87B64 /* CarListingController.swift */; };
		B948DF1C2432579E00C87B64 /* Main.storyboard in Resources */ = {isa = PBXBuildFile; fileRef = B948DF1A2432579E00C87B64 /* Main.storyboard */; };
		B948DF1E243257A000C87B64 /* Assets.xcassets in Resources */ = {isa = PBXBuildFile; fileRef = B948DF1D243257A000C87B64 /* Assets.xcassets */; };
		B948DF21243257A000C87B64 /* LaunchScreen.storyboard in Resources */ = {isa = PBXBuildFile; fileRef = B948DF1F243257A000C87B64 /* LaunchScreen.storyboard */; };
		B948DF2F2432589900C87B64 /* CarParts.swift in Sources */ = {isa = PBXBuildFile; fileRef = B948DF2E2432589900C87B64 /* CarParts.swift */; };
		B948DF3124325A0A00C87B64 /* Protocols.swift in Sources */ = {isa = PBXBuildFile; fileRef = B948DF3024325A0A00C87B64 /* Protocols.swift */; };
		B948DF3424325FEB00C87B64 /* VehicleCollectionViewCell.swift in Sources */ = {isa = PBXBuildFile; fileRef = B948DF3324325FEB00C87B64 /* VehicleCollectionViewCell.swift */; };
		B948DF36243264DE00C87B64 /* Car.swift in Sources */ = {isa = PBXBuildFile; fileRef = B948DF35243264DE00C87B64 /* Car.swift */; };
		B948DF382432651F00C87B64 /* Beater.swift in Sources */ = {isa = PBXBuildFile; fileRef = B948DF372432651F00C87B64 /* Beater.swift */; };
		B94F055C2434233F00D4DCDD /* CarController.swift in Sources */ = {isa = PBXBuildFile; fileRef = B94F055B2434233F00D4DCDD /* CarController.swift */; };
/* End PBXBuildFile section */

/* Begin PBXFileReference section */
		B948DF112432579E00C87B64 /* VehicleListings.app */ = {isa = PBXFileReference; explicitFileType = wrapper.application; includeInIndex = 0; path = VehicleListings.app; sourceTree = BUILT_PRODUCTS_DIR; };
		B948DF142432579E00C87B64 /* AppDelegate.swift */ = {isa = PBXFileReference; lastKnownFileType = sourcecode.swift; path = AppDelegate.swift; sourceTree = "<group>"; };
		B948DF162432579E00C87B64 /* SceneDelegate.swift */ = {isa = PBXFileReference; lastKnownFileType = sourcecode.swift; path = SceneDelegate.swift; sourceTree = "<group>"; };
		B948DF182432579E00C87B64 /* CarListingController.swift */ = {isa = PBXFileReference; lastKnownFileType = sourcecode.swift; path = CarListingController.swift; sourceTree = "<group>"; };
		B948DF1B2432579E00C87B64 /* Base */ = {isa = PBXFileReference; lastKnownFileType = file.storyboard; name = Base; path = Base.lproj/Main.storyboard; sourceTree = "<group>"; };
		B948DF1D243257A000C87B64 /* Assets.xcassets */ = {isa = PBXFileReference; lastKnownFileType = folder.assetcatalog; path = Assets.xcassets; sourceTree = "<group>"; };
		B948DF20243257A000C87B64 /* Base */ = {isa = PBXFileReference; lastKnownFileType = file.storyboard; name = Base; path = Base.lproj/LaunchScreen.storyboard; sourceTree = "<group>"; };
		B948DF22243257A000C87B64 /* Info.plist */ = {isa = PBXFileReference; lastKnownFileType = text.plist.xml; path = Info.plist; sourceTree = "<group>"; };
		B948DF2E2432589900C87B64 /* CarParts.swift */ = {isa = PBXFileReference; lastKnownFileType = sourcecode.swift; path = CarParts.swift; sourceTree = "<group>"; };
		B948DF3024325A0A00C87B64 /* Protocols.swift */ = {isa = PBXFileReference; lastKnownFileType = sourcecode.swift; path = Protocols.swift; sourceTree = "<group>"; };
		B948DF3324325FEB00C87B64 /* VehicleCollectionViewCell.swift */ = {isa = PBXFileReference; lastKnownFileType = sourcecode.swift; path = VehicleCollectionViewCell.swift; sourceTree = "<group>"; };
		B948DF35243264DE00C87B64 /* Car.swift */ = {isa = PBXFileReference; lastKnownFileType = sourcecode.swift; path = Car.swift; sourceTree = "<group>"; };
		B948DF372432651F00C87B64 /* Beater.swift */ = {isa = PBXFileReference; lastKnownFileType = sourcecode.swift; path = Beater.swift; sourceTree = "<group>"; };
		B94F055B2434233F00D4DCDD /* CarController.swift */ = {isa = PBXFileReference; lastKnownFileType = sourcecode.swift; path = CarController.swift; sourceTree = "<group>"; };
/* End PBXFileReference section */

/* Begin PBXFrameworksBuildPhase section */
		B948DF0E2432579E00C87B64 /* Frameworks */ = {
			isa = PBXFrameworksBuildPhase;
			buildActionMask = 2147483647;
			files = (
			);
			runOnlyForDeploymentPostprocessing = 0;
		};
/* End PBXFrameworksBuildPhase section */

/* Begin PBXGroup section */
		B948DF082432579E00C87B64 = {
			isa = PBXGroup;
			children = (
				B948DF132432579E00C87B64 /* VehicleListings */,
				B948DF122432579E00C87B64 /* Products */,
			);
			sourceTree = "<group>";
		};
		B948DF122432579E00C87B64 /* Products */ = {
			isa = PBXGroup;
			children = (
				B948DF112432579E00C87B64 /* VehicleListings.app */,
			);
			name = Products;
			sourceTree = "<group>";
		};
		B948DF132432579E00C87B64 /* VehicleListings */ = {
			isa = PBXGroup;
			children = (
				B948DF292432580100C87B64 /* Model */,
				B948DF2B2432581D00C87B64 /* View */,
				B948DF2D2432586000C87B64 /* Controller */,
				B948DF28243257DE00C87B64 /* Resources */,
				B948DF22243257A000C87B64 /* Info.plist */,
			);
			path = VehicleListings;
			sourceTree = "<group>";
		};
		B948DF28243257DE00C87B64 /* Resources */ = {
			isa = PBXGroup;
			children = (
				B948DF142432579E00C87B64 /* AppDelegate.swift */,
				B948DF162432579E00C87B64 /* SceneDelegate.swift */,
				B948DF1D243257A000C87B64 /* Assets.xcassets */,
			);
			path = Resources;
			sourceTree = "<group>";
		};
		B948DF292432580100C87B64 /* Model */ = {
			isa = PBXGroup;
			children = (
				B948DF2E2432589900C87B64 /* CarParts.swift */,
				B948DF3024325A0A00C87B64 /* Protocols.swift */,
				B948DF3224325C4E00C87B64 /* Cars */,
			);
			path = Model;
			sourceTree = "<group>";
		};
		B948DF2A2432581300C87B64 /* Storyboards */ = {
			isa = PBXGroup;
			children = (
				B948DF1A2432579E00C87B64 /* Main.storyboard */,
				B948DF1F243257A000C87B64 /* LaunchScreen.storyboard */,
			);
			path = Storyboards;
			sourceTree = "<group>";
		};
		B948DF2B2432581D00C87B64 /* View */ = {
			isa = PBXGroup;
			children = (
				B948DF2A2432581300C87B64 /* Storyboards */,
				B948DF3324325FEB00C87B64 /* VehicleCollectionViewCell.swift */,
			);
			path = View;
			sourceTree = "<group>";
		};
		B948DF2C2432585400C87B64 /* View Controllers */ = {
			isa = PBXGroup;
			children = (
				B948DF182432579E00C87B64 /* CarListingController.swift */,
			);
			path = "View Controllers";
			sourceTree = "<group>";
		};
		B948DF2D2432586000C87B64 /* Controller */ = {
			isa = PBXGroup;
			children = (
				B94F055A2434226200D4DCDD /* Model Controllers */,
				B948DF2C2432585400C87B64 /* View Controllers */,
			);
			path = Controller;
			sourceTree = "<group>";
		};
		B948DF3224325C4E00C87B64 /* Cars */ = {
			isa = PBXGroup;
			children = (
				B948DF35243264DE00C87B64 /* Car.swift */,
				B948DF372432651F00C87B64 /* Beater.swift */,
			);
			path = Cars;
			sourceTree = "<group>";
		};
		B94F055A2434226200D4DCDD /* Model Controllers */ = {
			isa = PBXGroup;
			children = (
				B94F055B2434233F00D4DCDD /* CarController.swift */,
			);
			path = "Model Controllers";
			sourceTree = "<group>";
		};
/* End PBXGroup section */

/* Begin PBXNativeTarget section */
		B948DF102432579E00C87B64 /* VehicleListings */ = {
			isa = PBXNativeTarget;
			buildConfigurationList = B948DF25243257A000C87B64 /* Build configuration list for PBXNativeTarget "VehicleListings" */;
			buildPhases = (
				B948DF0D2432579E00C87B64 /* Sources */,
				B948DF0E2432579E00C87B64 /* Frameworks */,
				B948DF0F2432579E00C87B64 /* Resources */,
			);
			buildRules = (
			);
			dependencies = (
			);
			name = VehicleListings;
			productName = VehicleListings;
			productReference = B948DF112432579E00C87B64 /* VehicleListings.app */;
			productType = "com.apple.product-type.application";
		};
/* End PBXNativeTarget section */

/* Begin PBXProject section */
		B948DF092432579E00C87B64 /* Project object */ = {
			isa = PBXProject;
			attributes = {
				LastSwiftUpdateCheck = 1140;
				LastUpgradeCheck = 1140;
				ORGANIZATIONNAME = "Hazy Studios";
				TargetAttributes = {
					B948DF102432579E00C87B64 = {
						CreatedOnToolsVersion = 11.4;
					};
				};
			};
			buildConfigurationList = B948DF0C2432579E00C87B64 /* Build configuration list for PBXProject "VehicleListings" */;
			compatibilityVersion = "Xcode 9.3";
			developmentRegion = en;
			hasScannedForEncodings = 0;
			knownRegions = (
				en,
				Base,
			);
			mainGroup = B948DF082432579E00C87B64;
			productRefGroup = B948DF122432579E00C87B64 /* Products */;
			projectDirPath = "";
			projectRoot = "";
			targets = (
				B948DF102432579E00C87B64 /* VehicleListings */,
			);
		};
/* End PBXProject section */

/* Begin PBXResourcesBuildPhase section */
		B948DF0F2432579E00C87B64 /* Resources */ = {
			isa = PBXResourcesBuildPhase;
			buildActionMask = 2147483647;
			files = (
				B948DF21243257A000C87B64 /* LaunchScreen.storyboard in Resources */,
				B948DF1E243257A000C87B64 /* Assets.xcassets in Resources */,
				B948DF1C2432579E00C87B64 /* Main.storyboard in Resources */,
			);
			runOnlyForDeploymentPostprocessing = 0;
		};
/* End PBXResourcesBuildPhase section */

/* Begin PBXSourcesBuildPhase section */
		B948DF0D2432579E00C87B64 /* Sources */ = {
			isa = PBXSourcesBuildPhase;
			buildActionMask = 2147483647;
			files = (
				B948DF3124325A0A00C87B64 /* Protocols.swift in Sources */,
				B948DF192432579E00C87B64 /* CarListingController.swift in Sources */,
				B948DF382432651F00C87B64 /* Beater.swift in Sources */,
				B94F055C2434233F00D4DCDD /* CarController.swift in Sources */,
				B948DF2F2432589900C87B64 /* CarParts.swift in Sources */,
				B948DF3424325FEB00C87B64 /* VehicleCollectionViewCell.swift in Sources */,
				B948DF152432579E00C87B64 /* AppDelegate.swift in Sources */,
				B948DF36243264DE00C87B64 /* Car.swift in Sources */,
				B948DF172432579E00C87B64 /* SceneDelegate.swift in Sources */,
			);
			runOnlyForDeploymentPostprocessing = 0;
		};
/* End PBXSourcesBuildPhase section */

/* Begin PBXVariantGroup section */
		B948DF1A2432579E00C87B64 /* Main.storyboard */ = {
			isa = PBXVariantGroup;
			children = (
				B948DF1B2432579E00C87B64 /* Base */,
			);
			name = Main.storyboard;
			sourceTree = "<group>";
		};
		B948DF1F243257A000C87B64 /* LaunchScreen.storyboard */ = {
			isa = PBXVariantGroup;
			children = (
				B948DF20243257A000C87B64 /* Base */,
			);
			name = LaunchScreen.storyboard;
			sourceTree = "<group>";
		};
/* End PBXVariantGroup section */

/* Begin XCBuildConfiguration section */
		B948DF23243257A000C87B64 /* Debug */ = {
			isa = XCBuildConfiguration;
			buildSettings = {
				ALWAYS_SEARCH_USER_PATHS = NO;
				CLANG_ANALYZER_NONNULL = YES;
				CLANG_ANALYZER_NUMBER_OBJECT_CONVERSION = YES_AGGRESSIVE;
				CLANG_CXX_LANGUAGE_STANDARD = "gnu++14";
				CLANG_CXX_LIBRARY = "libc++";
				CLANG_ENABLE_MODULES = YES;
				CLANG_ENABLE_OBJC_ARC = YES;
				CLANG_ENABLE_OBJC_WEAK = YES;
				CLANG_WARN_BLOCK_CAPTURE_AUTORELEASING = YES;
				CLANG_WARN_BOOL_CONVERSION = YES;
				CLANG_WARN_COMMA = YES;
				CLANG_WARN_CONSTANT_CONVERSION = YES;
				CLANG_WARN_DEPRECATED_OBJC_IMPLEMENTATIONS = YES;
				CLANG_WARN_DIRECT_OBJC_ISA_USAGE = YES_ERROR;
				CLANG_WARN_DOCUMENTATION_COMMENTS = YES;
				CLANG_WARN_EMPTY_BODY = YES;
				CLANG_WARN_ENUM_CONVERSION = YES;
				CLANG_WARN_INFINITE_RECURSION = YES;
				CLANG_WARN_INT_CONVERSION = YES;
				CLANG_WARN_NON_LITERAL_NULL_CONVERSION = YES;
				CLANG_WARN_OBJC_IMPLICIT_RETAIN_SELF = YES;
				CLANG_WARN_OBJC_LITERAL_CONVERSION = YES;
				CLANG_WARN_OBJC_ROOT_CLASS = YES_ERROR;
				CLANG_WARN_RANGE_LOOP_ANALYSIS = YES;
				CLANG_WARN_STRICT_PROTOTYPES = YES;
				CLANG_WARN_SUSPICIOUS_MOVE = YES;
				CLANG_WARN_UNGUARDED_AVAILABILITY = YES_AGGRESSIVE;
				CLANG_WARN_UNREACHABLE_CODE = YES;
				CLANG_WARN__DUPLICATE_METHOD_MATCH = YES;
				COPY_PHASE_STRIP = NO;
				DEBUG_INFORMATION_FORMAT = dwarf;
				ENABLE_STRICT_OBJC_MSGSEND = YES;
				ENABLE_TESTABILITY = YES;
				GCC_C_LANGUAGE_STANDARD = gnu11;
				GCC_DYNAMIC_NO_PIC = NO;
				GCC_NO_COMMON_BLOCKS = YES;
				GCC_OPTIMIZATION_LEVEL = 0;
				GCC_PREPROCESSOR_DEFINITIONS = (
					"DEBUG=1",
					"$(inherited)",
				);
				GCC_WARN_64_TO_32_BIT_CONVERSION = YES;
				GCC_WARN_ABOUT_RETURN_TYPE = YES_ERROR;
				GCC_WARN_UNDECLARED_SELECTOR = YES;
				GCC_WARN_UNINITIALIZED_AUTOS = YES_AGGRESSIVE;
				GCC_WARN_UNUSED_FUNCTION = YES;
				GCC_WARN_UNUSED_VARIABLE = YES;
				IPHONEOS_DEPLOYMENT_TARGET = 13.4;
				MTL_ENABLE_DEBUG_INFO = INCLUDE_SOURCE;
				MTL_FAST_MATH = YES;
				ONLY_ACTIVE_ARCH = YES;
				SDKROOT = iphoneos;
				SWIFT_ACTIVE_COMPILATION_CONDITIONS = DEBUG;
				SWIFT_OPTIMIZATION_LEVEL = "-Onone";
			};
			name = Debug;
		};
		B948DF24243257A000C87B64 /* Release */ = {
			isa = XCBuildConfiguration;
			buildSettings = {
				ALWAYS_SEARCH_USER_PATHS = NO;
				CLANG_ANALYZER_NONNULL = YES;
				CLANG_ANALYZER_NUMBER_OBJECT_CONVERSION = YES_AGGRESSIVE;
				CLANG_CXX_LANGUAGE_STANDARD = "gnu++14";
				CLANG_CXX_LIBRARY = "libc++";
				CLANG_ENABLE_MODULES = YES;
				CLANG_ENABLE_OBJC_ARC = YES;
				CLANG_ENABLE_OBJC_WEAK = YES;
				CLANG_WARN_BLOCK_CAPTURE_AUTORELEASING = YES;
				CLANG_WARN_BOOL_CONVERSION = YES;
				CLANG_WARN_COMMA = YES;
				CLANG_WARN_CONSTANT_CONVERSION = YES;
				CLANG_WARN_DEPRECATED_OBJC_IMPLEMENTATIONS = YES;
				CLANG_WARN_DIRECT_OBJC_ISA_USAGE = YES_ERROR;
				CLANG_WARN_DOCUMENTATION_COMMENTS = YES;
				CLANG_WARN_EMPTY_BODY = YES;
				CLANG_WARN_ENUM_CONVERSION = YES;
				CLANG_WARN_INFINITE_RECURSION = YES;
				CLANG_WARN_INT_CONVERSION = YES;
				CLANG_WARN_NON_LITERAL_NULL_CONVERSION = YES;
				CLANG_WARN_OBJC_IMPLICIT_RETAIN_SELF = YES;
				CLANG_WARN_OBJC_LITERAL_CONVERSION = YES;
				CLANG_WARN_OBJC_ROOT_CLASS = YES_ERROR;
				CLANG_WARN_RANGE_LOOP_ANALYSIS = YES;
				CLANG_WARN_STRICT_PROTOTYPES = YES;
				CLANG_WARN_SUSPICIOUS_MOVE = YES;
				CLANG_WARN_UNGUARDED_AVAILABILITY = YES_AGGRESSIVE;
				CLANG_WARN_UNREACHABLE_CODE = YES;
				CLANG_WARN__DUPLICATE_METHOD_MATCH = YES;
				COPY_PHASE_STRIP = NO;
				DEBUG_INFORMATION_FORMAT = "dwarf-with-dsym";
				ENABLE_NS_ASSERTIONS = NO;
				ENABLE_STRICT_OBJC_MSGSEND = YES;
				GCC_C_LANGUAGE_STANDARD = gnu11;
				GCC_NO_COMMON_BLOCKS = YES;
				GCC_WARN_64_TO_32_BIT_CONVERSION = YES;
				GCC_WARN_ABOUT_RETURN_TYPE = YES_ERROR;
				GCC_WARN_UNDECLARED_SELECTOR = YES;
				GCC_WARN_UNINITIALIZED_AUTOS = YES_AGGRESSIVE;
				GCC_WARN_UNUSED_FUNCTION = YES;
				GCC_WARN_UNUSED_VARIABLE = YES;
				IPHONEOS_DEPLOYMENT_TARGET = 13.4;
				MTL_ENABLE_DEBUG_INFO = NO;
				MTL_FAST_MATH = YES;
				SDKROOT = iphoneos;
				SWIFT_COMPILATION_MODE = wholemodule;
				SWIFT_OPTIMIZATION_LEVEL = "-O";
				VALIDATE_PRODUCT = YES;
			};
			name = Release;
		};
		B948DF26243257A000C87B64 /* Debug */ = {
			isa = XCBuildConfiguration;
			buildSettings = {
				ASSETCATALOG_COMPILER_APPICON_NAME = AppIcon;
				CODE_SIGN_STYLE = Automatic;
				DEVELOPMENT_TEAM = 34P4RF23ET;
				INFOPLIST_FILE = VehicleListings/Info.plist;
				LD_RUNPATH_SEARCH_PATHS = (
					"$(inherited)",
					"@executable_path/Frameworks",
				);
				PRODUCT_BUNDLE_IDENTIFIER = com.hazystudios.VehicleListings;
				PRODUCT_NAME = "$(TARGET_NAME)";
				SWIFT_VERSION = 5.0;
				TARGETED_DEVICE_FAMILY = "1,2";
			};
			name = Debug;
		};
		B948DF27243257A000C87B64 /* Release */ = {
			isa = XCBuildConfiguration;
			buildSettings = {
				ASSETCATALOG_COMPILER_APPICON_NAME = AppIcon;
				CODE_SIGN_STYLE = Automatic;
				DEVELOPMENT_TEAM = 34P4RF23ET;
				INFOPLIST_FILE = VehicleListings/Info.plist;
				LD_RUNPATH_SEARCH_PATHS = (
					"$(inherited)",
					"@executable_path/Frameworks",
				);
				PRODUCT_BUNDLE_IDENTIFIER = com.hazystudios.VehicleListings;
				PRODUCT_NAME = "$(TARGET_NAME)";
				SWIFT_VERSION = 5.0;
				TARGETED_DEVICE_FAMILY = "1,2";
			};
			name = Release;
		};
/* End XCBuildConfiguration section */

/* Begin XCConfigurationList section */
		B948DF0C2432579E00C87B64 /* Build configuration list for PBXProject "VehicleListings" */ = {
			isa = XCConfigurationList;
			buildConfigurations = (
				B948DF23243257A000C87B64 /* Debug */,
				B948DF24243257A000C87B64 /* Release */,
			);
			defaultConfigurationIsVisible = 0;
			defaultConfigurationName = Release;
		};
		B948DF25243257A000C87B64 /* Build configuration list for PBXNativeTarget "VehicleListings" */ = {
			isa = XCConfigurationList;
			buildConfigurations = (
				B948DF26243257A000C87B64 /* Debug */,
				B948DF27243257A000C87B64 /* Release */,
			);
			defaultConfigurationIsVisible = 0;
			defaultConfigurationName = Release;
		};
/* End XCConfigurationList section */
	};
	rootObject = B948DF092432579E00C87B64 /* Project object */;
}
